
Microsoft Visual Studio Solution File, Format Version 12.00
# Visual Studio Version 17
VisualStudioVersion = 17.2.32616.157
MinimumVisualStudioVersion = 10.0.40219.1
Project("{FAE04EC0-301F-11D3-BF4B-00C04F79EFBC}") = "Lab1App1", "Lab1App1\Lab1App1.csproj", "{0EEA6C32-4C92-448D-A1EF-4DA2B2784EBE}"
EndProject
Global
	GlobalSection(SolutionConfigurationPlatforms) = preSolution
		Debug|Any CPU = Debug|Any CPU
		Release|Any CPU = Release|Any CPU
	EndGlobalSection
	GlobalSection(ProjectConfigurationPlatforms) = postSolution
		{0EEA6C32-4C92-448D-A1EF-4DA2B2784EBE}.Debug|Any CPU.ActiveCfg = Debug|Any CPU
		{0EEA6C32-4C92-448D-A1EF-4DA2B2784EBE}.Debug|Any CPU.Build.0 = Debug|Any CPU
		{0EEA6C32-4C92-448D-A1EF-4DA2B2784EBE}.Release|Any CPU.ActiveCfg = Release|Any CPU
		{0EEA6C32-4C92-448D-A1EF-4DA2B2784EBE}.Release|Any CPU.Build.0 = Release|Any CPU
	EndGlobalSection
	GlobalSection(SolutionProperties) = preSolution
		HideSolutionNode = FALSE
	EndGlobalSection
	GlobalSection(ExtensibilityGlobals) = postSolution
		SolutionGuid = {172F5467-B6F5-435E-AF9E-0445EFC9313C}
	EndGlobalSection
EndGlobal
